<?xml version="1.0" encoding="utf-8"?>
<Project ToolsVersion="4.0" xmlns="http://schemas.microsoft.com/developer/msbuild/2003">
  <ItemGroup>
    <ClCompile Include="..\..\src\Application.cpp">
      <Filter>Source Files</Filter>
    </ClCompile>
    <ClCompile Include="..\..\src\Physics\RigidWorld.cpp">
      <Filter>Source Files\Physics</Filter>
    </ClCompile>
    <ClCompile Include="..\..\src\Physics\RigidBody.cpp">
      <Filter>Source Files\Physics</Filter>
    </ClCompile>
    <ClCompile Include="..\..\src\Physics\PhysicsFactory.cpp">
      <Filter>Source Files\Physics</Filter>
    </ClCompile>
    <ClCompile Include="..\..\src\Graphics\Glad\glad.c">
      <Filter>Source Files\Graphics\Glad</Filter>
    </ClCompile>
    <ClCompile Include="..\..\src\Core\BaseApplication.cpp">
      <Filter>Source Files\Core</Filter>
    </ClCompile>
    <ClCompile Include="..\..\src\Graphics\RenderWindow.cpp">
      <Filter>Source Files\Graphics</Filter>
    </ClCompile>
    <ClCompile Include="..\..\src\Physics\DebugDraw\DDRenderInterfaceCoreGL.cpp">
      <Filter>Source Files\Physics</Filter>
    </ClCompile>
  </ItemGroup>
  <ItemGroup>
    <ClInclude Include="..\..\src\Application.h">
      <Filter>Header Files</Filter>
    </ClInclude>
    <ClInclude Include="..\..\src\Graphics\Glad\glad.h">
      <Filter>Header Files\Graphics\Glad</Filter>
    </ClInclude>
    <ClInclude Include="..\..\src\Graphics\Glad\khrplatform.h">
      <Filter>Header Files\Graphics\Glad</Filter>
    </ClInclude>
    <ClInclude Include="..\..\src\Physics\RigidBody.h">
      <Filter>Header Files\Physics</Filter>
    </ClInclude>
    <ClInclude Include="..\..\src\Components\RigidBodyComponent.h">
      <Filter>Header Files\Physics</Filter>
    </ClInclude>
    <ClInclude Include="..\..\src\Physics\RigidWorld.h">
      <Filter>Header Files\Physics</Filter>
    </ClInclude>
    <ClInclude Include="..\..\src\Physics\PhysicsFactory.h">
      <Filter>Header Files\Physics</Filter>
    </ClInclude>
    <ClInclude Include="..\..\src\Physics\MotionState.h">
      <Filter>Header Files\Physics</Filter>
    </ClInclude>
    <ClInclude Include="..\..\src\Core\BaseApplication.h">
      <Filter>Header Files\Core</Filter>
    </ClInclude>
    <ClInclude Include="..\..\src\Components\TransformComponent.h">
      <Filter>Header Files\Components</Filter>
    </ClInclude>
    <ClInclude Include="..\..\src\Graphics\RenderWindow.h">
      <Filter>Header Files\Graphics</Filter>
    </ClInclude>
    <ClInclude Include="..\..\src\Core\Input.h">
      <Filter>Header Files\Core</Filter>
    </ClInclude>
    <ClInclude Include="..\..\src\Systems\PhysicSystem.h">
      <Filter>Header Files\Systems</Filter>
    </ClInclude>
    <ClInclude Include="..\..\src\Physics\DebugDraw\debug_draw.hpp">
      <Filter>Header Files\Physics</Filter>
    </ClInclude>
  </ItemGroup>
  <ItemGroup>
    <Filter Include="Header Files">
      <UniqueIdentifier>{97fff3d6-d7ef-4352-b323-c6e2f47b08c4}</UniqueIdentifier>
    </Filter>
    <Filter Include="Source Files">
      <UniqueIdentifier>{bbff7ad3-977e-4bb3-b8d0-0371e8afe4d4}</UniqueIdentifier>
    </Filter>
    <Filter Include="Header Files\Graphics">
      <UniqueIdentifier>{83f210e1-8182-4e9a-b6e0-b51d96b2593e}</UniqueIdentifier>
    </Filter>
    <Filter Include="Header Files\Physics">
      <UniqueIdentifier>{233d1ce6-2ef7-48c3-8aee-803e4babc402}</UniqueIdentifier>
    </Filter>
    <Filter Include="Source Files\Graphics">
      <UniqueIdentifier>{259bcf14-2d98-4de0-b2ef-40f1f98879c2}</UniqueIdentifier>
    </Filter>
    <Filter Include="Source Files\Physics">
      <UniqueIdentifier>{63f537b3-4bd3-48a7-9540-ef54e86e3af7}</UniqueIdentifier>
    </Filter>
    <Filter Include="Header Files\Graphics\Glad">
      <UniqueIdentifier>{9cce8f39-1e95-45bd-884d-dfcfbdaecb2e}</UniqueIdentifier>
    </Filter>
    <Filter Include="Source Files\Graphics\Glad">
      <UniqueIdentifier>{52091369-713c-4f53-a5e9-d5dadd765eef}</UniqueIdentifier>
    </Filter>
    <Filter Include="Header Files\Core">
      <UniqueIdentifier>{535f2edb-9b4d-4898-81b7-c45e5b01abca}</UniqueIdentifier>
    </Filter>
    <Filter Include="Source Files\Core">
      <UniqueIdentifier>{d03086fe-a30b-4800-91f5-430584ebf967}</UniqueIdentifier>
    </Filter>
    <Filter Include="Header Files\Components">
      <UniqueIdentifier>{0113370a-050d-4094-ac3d-f443b05c5014}</UniqueIdentifier>
    </Filter>
    <Filter Include="Header Files\Systems">
      <UniqueIdentifier>{7483d5b3-f94b-4194-be40-847f8bd67725}</UniqueIdentifier>
    </Filter>
  </ItemGroup>
</Project>