<?xml version="1.0" encoding="utf-8"?>
<Project ToolsVersion="4.0" xmlns="http://schemas.microsoft.com/developer/msbuild/2003">
  <ItemGroup>
    <Filter Include="Source Files">
      <UniqueIdentifier>{4FC737F1-C7A5-4376-A066-2A32D752A2FF}</UniqueIdentifier>
      <Extensions>cpp;c;cc;cxx;def;odl;idl;hpj;bat;asm;asmx</Extensions>
    </Filter>
    <Filter Include="Header Files">
      <UniqueIdentifier>{93995380-89BD-4b04-88EB-625FBE52EBFB}</UniqueIdentifier>
      <Extensions>h;hh;hpp;hxx;hm;inl;inc;xsd</Extensions>
    </Filter>
    <Filter Include="Resource Files">
      <UniqueIdentifier>{67DA6AB6-F800-4c08-8B7A-83BB121AAD01}</UniqueIdentifier>
      <Extensions>rc;ico;cur;bmp;dlg;rc2;rct;bin;rgs;gif;jpg;jpeg;jpe;resx;tiff;tif;png;wav;mfcribbon-ms</Extensions>
    </Filter>
    <Filter Include="Source Files\Graphics">
      <UniqueIdentifier>{b79efe5d-63fd-4b53-bc09-8da4f3d47074}</UniqueIdentifier>
    </Filter>
    <Filter Include="Header Files\Graphics">
      <UniqueIdentifier>{2d32229d-154e-4f14-9772-92e271133ac7}</UniqueIdentifier>
    </Filter>
    <Filter Include="Source Files\Core">
      <UniqueIdentifier>{0f2b1a43-32bb-4a2a-ac6c-001e3cdf2170}</UniqueIdentifier>
    </Filter>
    <Filter Include="Header Files\Core">
      <UniqueIdentifier>{bb3b8259-c3f2-47cf-958d-98662969ed11}</UniqueIdentifier>
    </Filter>
    <Filter Include="Header Files\Graphics\Glad">
      <UniqueIdentifier>{26126b01-9eb5-4980-97e0-7c09ae9317ac}</UniqueIdentifier>
    </Filter>
    <Filter Include="Source Files\Graphics\Glad">
      <UniqueIdentifier>{adfa77d3-4e9b-4dc1-a9b8-4a7d04f9d5a1}</UniqueIdentifier>
    </Filter>
    <Filter Include="Source Files\Physics">
      <UniqueIdentifier>{3aa27a5d-274b-483b-bfd2-de384c8e3790}</UniqueIdentifier>
    </Filter>
    <Filter Include="Header Files\Physics">
      <UniqueIdentifier>{93191894-4004-4fbf-a880-11e3e55a3f4e}</UniqueIdentifier>
    </Filter>
  </ItemGroup>
  <ItemGroup>
    <ClCompile Include="..\..\src\Graphics\RenderWindow.cpp">
      <Filter>Source Files\Graphics</Filter>
    </ClCompile>
    <ClCompile Include="..\..\src\Application.cpp">
      <Filter>Source Files</Filter>
    </ClCompile>
    <ClCompile Include="..\..\src\Core\BaseApplication.cpp">
      <Filter>Source Files\Core</Filter>
    </ClCompile>
    <ClCompile Include="..\..\src\Graphics\Glad\glad.c">
      <Filter>Source Files\Graphics\Glad</Filter>
    </ClCompile>
  </ItemGroup>
  <ItemGroup>
    <ClInclude Include="..\..\src\Graphics\RenderWindow.h">
      <Filter>Header Files\Graphics</Filter>
    </ClInclude>
    <ClInclude Include="..\..\src\Application.h">
      <Filter>Source Files</Filter>
    </ClInclude>
    <ClInclude Include="..\..\src\Core\BaseApplication.h">
      <Filter>Header Files\Core</Filter>
    </ClInclude>
    <ClInclude Include="..\..\src\Core\Input.h">
      <Filter>Header Files\Core</Filter>
    </ClInclude>
    <ClInclude Include="..\..\src\Graphics\Glad\glad.h">
      <Filter>Header Files\Graphics\Glad</Filter>
    </ClInclude>
    <ClInclude Include="..\..\src\Graphics\Glad\khrplatform.h">
      <Filter>Header Files\Graphics\Glad</Filter>
    </ClInclude>
  </ItemGroup>
</Project>